// !$*UTF8*$!
{
	archiveVersion = 1;
	classes = {
	};
	objectVersion = 56;
	objects = {

/* Begin PBXBuildFile section */
		0F9E39C9530511DF283EEDCB /* Pods_FoodWiseTests.framework in Frameworks */ = {isa = PBXBuildFile; fileRef = 575B4C84A43B851D3D717CD2 /* Pods_FoodWiseTests.framework */; };
		8B20D84102F6B4E858C3DF79 /* Pods_FoodWise.framework in Frameworks */ = {isa = PBXBuildFile; fileRef = 741E18AA2B89A50E86B43962 /* Pods_FoodWise.framework */; };
		CD03908629B616D6000A7F95 /* RecipeDetailView.swift in Sources */ = {isa = PBXBuildFile; fileRef = CD03908529B616D6000A7F95 /* RecipeDetailView.swift */; };
		CD03908829B628BD000A7F95 /* RecipeIngredientBox.swift in Sources */ = {isa = PBXBuildFile; fileRef = CD03908729B628BD000A7F95 /* RecipeIngredientBox.swift */; };
		CD03908A29B6291F000A7F95 /* RecipeHowBox.swift in Sources */ = {isa = PBXBuildFile; fileRef = CD03908929B6291F000A7F95 /* RecipeHowBox.swift */; };
		CD03908E29B6652B000A7F95 /* ingredient.swift in Sources */ = {isa = PBXBuildFile; fileRef = CD03908D29B6652B000A7F95 /* ingredient.swift */; };
		CD13D87729A63F4000F47795 /* Recipe.swift in Sources */ = {isa = PBXBuildFile; fileRef = CD13D87629A63F4000F47795 /* Recipe.swift */; };
		CD13D87929A6562600F47795 /* NetworkManager.swift in Sources */ = {isa = PBXBuildFile; fileRef = CD13D87829A6562600F47795 /* NetworkManager.swift */; };
		CD13D87B29AA569300F47795 /* extension.swift in Sources */ = {isa = PBXBuildFile; fileRef = CD13D87A29AA569300F47795 /* extension.swift */; };
		CD1F26BE29B67260007ABC0C /* CustomTabView.swift in Sources */ = {isa = PBXBuildFile; fileRef = CD1F26BD29B67260007ABC0C /* CustomTabView.swift */; };
		CD54B57D299F8E6400D932B0 /* FoodWiseApp.swift in Sources */ = {isa = PBXBuildFile; fileRef = CD54B57C299F8E6400D932B0 /* FoodWiseApp.swift */; };
		CD54B57F299F8E6400D932B0 /* ContentView.swift in Sources */ = {isa = PBXBuildFile; fileRef = CD54B57E299F8E6400D932B0 /* ContentView.swift */; };
		CD54B581299F8E6500D932B0 /* Assets.xcassets in Resources */ = {isa = PBXBuildFile; fileRef = CD54B580299F8E6500D932B0 /* Assets.xcassets */; };
		CD54B584299F8E6500D932B0 /* Preview Assets.xcassets in Resources */ = {isa = PBXBuildFile; fileRef = CD54B583299F8E6500D932B0 /* Preview Assets.xcassets */; };
		CD54B58E299F8E6500D932B0 /* FoodWiseTests.swift in Sources */ = {isa = PBXBuildFile; fileRef = CD54B58D299F8E6500D932B0 /* FoodWiseTests.swift */; };
		CD54B598299F8E6500D932B0 /* FoodWiseUITests.swift in Sources */ = {isa = PBXBuildFile; fileRef = CD54B597299F8E6500D932B0 /* FoodWiseUITests.swift */; };
		CD54B59A299F8E6500D932B0 /* FoodWiseUITestsLaunchTests.swift in Sources */ = {isa = PBXBuildFile; fileRef = CD54B599299F8E6500D932B0 /* FoodWiseUITestsLaunchTests.swift */; };
		CD54B5A8299F97E400D932B0 /* GoogleSignIn in Frameworks */ = {isa = PBXBuildFile; productRef = CD54B5A7299F97E400D932B0 /* GoogleSignIn */; };
		CD54B5AA299F97E400D932B0 /* GoogleSignInSwift in Frameworks */ = {isa = PBXBuildFile; productRef = CD54B5A9299F97E400D932B0 /* GoogleSignInSwift */; };
		CD54B5AC299F9A7300D932B0 /* LoginView.swift in Sources */ = {isa = PBXBuildFile; fileRef = CD54B5AB299F9A7300D932B0 /* LoginView.swift */; };
		CD54B5AE299F9BFD00D932B0 /* AuthenticationViewModel.swift in Sources */ = {isa = PBXBuildFile; fileRef = CD54B5AD299F9BFD00D932B0 /* AuthenticationViewModel.swift */; };
		CD54B5B5299F9E0900D932B0 /* GoogleSignInAuthenticator.swift in Sources */ = {isa = PBXBuildFile; fileRef = CD54B5B4299F9E0900D932B0 /* GoogleSignInAuthenticator.swift */; };
		CD54B5BA29A2592700D932B0 /* MainRecipeView.swift in Sources */ = {isa = PBXBuildFile; fileRef = CD54B5B929A2592700D932B0 /* MainRecipeView.swift */; };
		CD54B5BC29A25A5900D932B0 /* MyPageView.swift in Sources */ = {isa = PBXBuildFile; fileRef = CD54B5BB29A25A5900D932B0 /* MyPageView.swift */; };
		CD54B5BE29A25CA500D932B0 /* MainView.swift in Sources */ = {isa = PBXBuildFile; fileRef = CD54B5BD29A25CA500D932B0 /* MainView.swift */; };
		CD54B5C029A25F1D00D932B0 /* MyFridgeView.swift in Sources */ = {isa = PBXBuildFile; fileRef = CD54B5BF29A25F1D00D932B0 /* MyFridgeView.swift */; };
		CD58AFAD29AB9C9E008C4947 /* RecipeBoxView.swift in Sources */ = {isa = PBXBuildFile; fileRef = CD58AFAC29AB9C9E008C4947 /* RecipeBoxView.swift */; };
		CD58AFAF29AB9CF0008C4947 /* HotRecipeView.swift in Sources */ = {isa = PBXBuildFile; fileRef = CD58AFAE29AB9CF0008C4947 /* HotRecipeView.swift */; };
		CDDA8EE229BFCE6900663A3B /* MyFridgeListView.swift in Sources */ = {isa = PBXBuildFile; fileRef = CDDA8EE129BFCE6900663A3B /* MyFridgeListView.swift */; };
		CDDA8EE429BFD86400663A3B /* addIngredientView.swift in Sources */ = {isa = PBXBuildFile; fileRef = CDDA8EE329BFD86400663A3B /* addIngredientView.swift */; };
		CDDA8EE829C3C08700663A3B /* SearchBar.swift in Sources */ = {isa = PBXBuildFile; fileRef = CDDA8EE729C3C08700663A3B /* SearchBar.swift */; };
		FD924DC1B0AF9E2B9C8BDB3D /* Pods_FoodWise_FoodWiseUITests.framework in Frameworks */ = {isa = PBXBuildFile; fileRef = 45ACE794628F0E3A2321119D /* Pods_FoodWise_FoodWiseUITests.framework */; };
/* End PBXBuildFile section */

/* Begin PBXContainerItemProxy section */
		CD54B58A299F8E6500D932B0 /* PBXContainerItemProxy */ = {
			isa = PBXContainerItemProxy;
			containerPortal = CD54B571299F8E6400D932B0 /* Project object */;
			proxyType = 1;
			remoteGlobalIDString = CD54B578299F8E6400D932B0;
			remoteInfo = FoodWise;
		};
		CD54B594299F8E6500D932B0 /* PBXContainerItemProxy */ = {
			isa = PBXContainerItemProxy;
			containerPortal = CD54B571299F8E6400D932B0 /* Project object */;
			proxyType = 1;
			remoteGlobalIDString = CD54B578299F8E6400D932B0;
			remoteInfo = FoodWise;
		};
/* End PBXContainerItemProxy section */

/* Begin PBXFileReference section */
		0D4416167BC7F738F2B6329D /* Pods-FoodWise-FoodWiseUITests.release.xcconfig */ = {isa = PBXFileReference; includeInIndex = 1; lastKnownFileType = text.xcconfig; name = "Pods-FoodWise-FoodWiseUITests.release.xcconfig"; path = "Target Support Files/Pods-FoodWise-FoodWiseUITests/Pods-FoodWise-FoodWiseUITests.release.xcconfig"; sourceTree = "<group>"; };
		146D16B4B37FA2BE8DC0A2D4 /* Pods-FoodWiseTests.release.xcconfig */ = {isa = PBXFileReference; includeInIndex = 1; lastKnownFileType = text.xcconfig; name = "Pods-FoodWiseTests.release.xcconfig"; path = "Target Support Files/Pods-FoodWiseTests/Pods-FoodWiseTests.release.xcconfig"; sourceTree = "<group>"; };
		45ACE794628F0E3A2321119D /* Pods_FoodWise_FoodWiseUITests.framework */ = {isa = PBXFileReference; explicitFileType = wrapper.framework; includeInIndex = 0; path = Pods_FoodWise_FoodWiseUITests.framework; sourceTree = BUILT_PRODUCTS_DIR; };
		496596E8C28B224C740B5FF9 /* Pods-FoodWiseTests.debug.xcconfig */ = {isa = PBXFileReference; includeInIndex = 1; lastKnownFileType = text.xcconfig; name = "Pods-FoodWiseTests.debug.xcconfig"; path = "Target Support Files/Pods-FoodWiseTests/Pods-FoodWiseTests.debug.xcconfig"; sourceTree = "<group>"; };
		575B4C84A43B851D3D717CD2 /* Pods_FoodWiseTests.framework */ = {isa = PBXFileReference; explicitFileType = wrapper.framework; includeInIndex = 0; path = Pods_FoodWiseTests.framework; sourceTree = BUILT_PRODUCTS_DIR; };
		741E18AA2B89A50E86B43962 /* Pods_FoodWise.framework */ = {isa = PBXFileReference; explicitFileType = wrapper.framework; includeInIndex = 0; path = Pods_FoodWise.framework; sourceTree = BUILT_PRODUCTS_DIR; };
		77F88DE2864B7C6C5D9C62D8 /* Pods-FoodWise.release.xcconfig */ = {isa = PBXFileReference; includeInIndex = 1; lastKnownFileType = text.xcconfig; name = "Pods-FoodWise.release.xcconfig"; path = "Target Support Files/Pods-FoodWise/Pods-FoodWise.release.xcconfig"; sourceTree = "<group>"; };
		8A7A3AFD247704BE9D5B34B0 /* Pods-FoodWise.debug.xcconfig */ = {isa = PBXFileReference; includeInIndex = 1; lastKnownFileType = text.xcconfig; name = "Pods-FoodWise.debug.xcconfig"; path = "Target Support Files/Pods-FoodWise/Pods-FoodWise.debug.xcconfig"; sourceTree = "<group>"; };
		BCD8AF394962AE1DF9272514 /* Pods-FoodWise-FoodWiseUITests.debug.xcconfig */ = {isa = PBXFileReference; includeInIndex = 1; lastKnownFileType = text.xcconfig; name = "Pods-FoodWise-FoodWiseUITests.debug.xcconfig"; path = "Target Support Files/Pods-FoodWise-FoodWiseUITests/Pods-FoodWise-FoodWiseUITests.debug.xcconfig"; sourceTree = "<group>"; };
		CD03908529B616D6000A7F95 /* RecipeDetailView.swift */ = {isa = PBXFileReference; lastKnownFileType = sourcecode.swift; path = RecipeDetailView.swift; sourceTree = "<group>"; };
		CD03908729B628BD000A7F95 /* RecipeIngredientBox.swift */ = {isa = PBXFileReference; lastKnownFileType = sourcecode.swift; path = RecipeIngredientBox.swift; sourceTree = "<group>"; };
		CD03908929B6291F000A7F95 /* RecipeHowBox.swift */ = {isa = PBXFileReference; lastKnownFileType = sourcecode.swift; path = RecipeHowBox.swift; sourceTree = "<group>"; };
		CD03908D29B6652B000A7F95 /* ingredient.swift */ = {isa = PBXFileReference; lastKnownFileType = sourcecode.swift; path = ingredient.swift; sourceTree = "<group>"; };
		CD13D87629A63F4000F47795 /* Recipe.swift */ = {isa = PBXFileReference; lastKnownFileType = sourcecode.swift; path = Recipe.swift; sourceTree = "<group>"; };
		CD13D87829A6562600F47795 /* NetworkManager.swift */ = {isa = PBXFileReference; lastKnownFileType = sourcecode.swift; path = NetworkManager.swift; sourceTree = "<group>"; };
		CD13D87A29AA569300F47795 /* extension.swift */ = {isa = PBXFileReference; lastKnownFileType = sourcecode.swift; path = extension.swift; sourceTree = "<group>"; };
		CD1F26BD29B67260007ABC0C /* CustomTabView.swift */ = {isa = PBXFileReference; lastKnownFileType = sourcecode.swift; path = CustomTabView.swift; sourceTree = "<group>"; };
		CD54B579299F8E6400D932B0 /* FoodWise.app */ = {isa = PBXFileReference; explicitFileType = wrapper.application; includeInIndex = 0; path = FoodWise.app; sourceTree = BUILT_PRODUCTS_DIR; };
		CD54B57C299F8E6400D932B0 /* FoodWiseApp.swift */ = {isa = PBXFileReference; lastKnownFileType = sourcecode.swift; path = FoodWiseApp.swift; sourceTree = "<group>"; };
		CD54B57E299F8E6400D932B0 /* ContentView.swift */ = {isa = PBXFileReference; lastKnownFileType = sourcecode.swift; path = ContentView.swift; sourceTree = "<group>"; };
		CD54B580299F8E6500D932B0 /* Assets.xcassets */ = {isa = PBXFileReference; lastKnownFileType = folder.assetcatalog; path = Assets.xcassets; sourceTree = "<group>"; };
		CD54B583299F8E6500D932B0 /* Preview Assets.xcassets */ = {isa = PBXFileReference; lastKnownFileType = folder.assetcatalog; path = "Preview Assets.xcassets"; sourceTree = "<group>"; };
		CD54B589299F8E6500D932B0 /* FoodWiseTests.xctest */ = {isa = PBXFileReference; explicitFileType = wrapper.cfbundle; includeInIndex = 0; path = FoodWiseTests.xctest; sourceTree = BUILT_PRODUCTS_DIR; };
		CD54B58D299F8E6500D932B0 /* FoodWiseTests.swift */ = {isa = PBXFileReference; lastKnownFileType = sourcecode.swift; path = FoodWiseTests.swift; sourceTree = "<group>"; };
		CD54B593299F8E6500D932B0 /* FoodWiseUITests.xctest */ = {isa = PBXFileReference; explicitFileType = wrapper.cfbundle; includeInIndex = 0; path = FoodWiseUITests.xctest; sourceTree = BUILT_PRODUCTS_DIR; };
		CD54B597299F8E6500D932B0 /* FoodWiseUITests.swift */ = {isa = PBXFileReference; lastKnownFileType = sourcecode.swift; path = FoodWiseUITests.swift; sourceTree = "<group>"; };
		CD54B599299F8E6500D932B0 /* FoodWiseUITestsLaunchTests.swift */ = {isa = PBXFileReference; lastKnownFileType = sourcecode.swift; path = FoodWiseUITestsLaunchTests.swift; sourceTree = "<group>"; };
		CD54B5AB299F9A7300D932B0 /* LoginView.swift */ = {isa = PBXFileReference; lastKnownFileType = sourcecode.swift; path = LoginView.swift; sourceTree = "<group>"; };
		CD54B5AD299F9BFD00D932B0 /* AuthenticationViewModel.swift */ = {isa = PBXFileReference; lastKnownFileType = sourcecode.swift; path = AuthenticationViewModel.swift; sourceTree = "<group>"; };
		CD54B5B4299F9E0900D932B0 /* GoogleSignInAuthenticator.swift */ = {isa = PBXFileReference; lastKnownFileType = sourcecode.swift; path = GoogleSignInAuthenticator.swift; sourceTree = "<group>"; };
		CD54B5B629A2444A00D932B0 /* Info.plist */ = {isa = PBXFileReference; lastKnownFileType = text.plist; path = Info.plist; sourceTree = "<group>"; };
		CD54B5B929A2592700D932B0 /* MainRecipeView.swift */ = {isa = PBXFileReference; lastKnownFileType = sourcecode.swift; path = MainRecipeView.swift; sourceTree = "<group>"; };
		CD54B5BB29A25A5900D932B0 /* MyPageView.swift */ = {isa = PBXFileReference; lastKnownFileType = sourcecode.swift; path = MyPageView.swift; sourceTree = "<group>"; };
		CD54B5BD29A25CA500D932B0 /* MainView.swift */ = {isa = PBXFileReference; lastKnownFileType = sourcecode.swift; path = MainView.swift; sourceTree = "<group>"; };
		CD54B5BF29A25F1D00D932B0 /* MyFridgeView.swift */ = {isa = PBXFileReference; lastKnownFileType = sourcecode.swift; path = MyFridgeView.swift; sourceTree = "<group>"; };
		CD58AFAC29AB9C9E008C4947 /* RecipeBoxView.swift */ = {isa = PBXFileReference; lastKnownFileType = sourcecode.swift; path = RecipeBoxView.swift; sourceTree = "<group>"; };
		CD58AFAE29AB9CF0008C4947 /* HotRecipeView.swift */ = {isa = PBXFileReference; lastKnownFileType = sourcecode.swift; path = HotRecipeView.swift; sourceTree = "<group>"; };
		CDDA8EE129BFCE6900663A3B /* MyFridgeListView.swift */ = {isa = PBXFileReference; lastKnownFileType = sourcecode.swift; path = MyFridgeListView.swift; sourceTree = "<group>"; };
		CDDA8EE329BFD86400663A3B /* addIngredientView.swift */ = {isa = PBXFileReference; lastKnownFileType = sourcecode.swift; path = addIngredientView.swift; sourceTree = "<group>"; };
		CDDA8EE729C3C08700663A3B /* SearchBar.swift */ = {isa = PBXFileReference; lastKnownFileType = sourcecode.swift; path = SearchBar.swift; sourceTree = "<group>"; };
/* End PBXFileReference section */

/* Begin PBXFrameworksBuildPhase section */
		CD54B576299F8E6400D932B0 /* Frameworks */ = {
			isa = PBXFrameworksBuildPhase;
			buildActionMask = 2147483647;
			files = (
				CD54B5A8299F97E400D932B0 /* GoogleSignIn in Frameworks */,
				CD54B5AA299F97E400D932B0 /* GoogleSignInSwift in Frameworks */,
				8B20D84102F6B4E858C3DF79 /* Pods_FoodWise.framework in Frameworks */,
			);
			runOnlyForDeploymentPostprocessing = 0;
		};
		CD54B586299F8E6500D932B0 /* Frameworks */ = {
			isa = PBXFrameworksBuildPhase;
			buildActionMask = 2147483647;
			files = (
				0F9E39C9530511DF283EEDCB /* Pods_FoodWiseTests.framework in Frameworks */,
			);
			runOnlyForDeploymentPostprocessing = 0;
		};
		CD54B590299F8E6500D932B0 /* Frameworks */ = {
			isa = PBXFrameworksBuildPhase;
			buildActionMask = 2147483647;
			files = (
				FD924DC1B0AF9E2B9C8BDB3D /* Pods_FoodWise_FoodWiseUITests.framework in Frameworks */,
			);
			runOnlyForDeploymentPostprocessing = 0;
		};
/* End PBXFrameworksBuildPhase section */

/* Begin PBXGroup section */
		093EA80135E711CA8513E6AD /* Pods */ = {
			isa = PBXGroup;
			children = (
				8A7A3AFD247704BE9D5B34B0 /* Pods-FoodWise.debug.xcconfig */,
				77F88DE2864B7C6C5D9C62D8 /* Pods-FoodWise.release.xcconfig */,
				BCD8AF394962AE1DF9272514 /* Pods-FoodWise-FoodWiseUITests.debug.xcconfig */,
				0D4416167BC7F738F2B6329D /* Pods-FoodWise-FoodWiseUITests.release.xcconfig */,
				496596E8C28B224C740B5FF9 /* Pods-FoodWiseTests.debug.xcconfig */,
				146D16B4B37FA2BE8DC0A2D4 /* Pods-FoodWiseTests.release.xcconfig */,
			);
			path = Pods;
			sourceTree = "<group>";
		};
		62163AEDA28460E4F2262217 /* Frameworks */ = {
			isa = PBXGroup;
			children = (
				741E18AA2B89A50E86B43962 /* Pods_FoodWise.framework */,
				45ACE794628F0E3A2321119D /* Pods_FoodWise_FoodWiseUITests.framework */,
				575B4C84A43B851D3D717CD2 /* Pods_FoodWiseTests.framework */,
			);
			name = Frameworks;
			sourceTree = "<group>";
		};
		CD03908B29B64EFE000A7F95 /* Recipe */ = {
			isa = PBXGroup;
			children = (
				CD58AFAE29AB9CF0008C4947 /* HotRecipeView.swift */,
				CD54B5B929A2592700D932B0 /* MainRecipeView.swift */,
				CD58AFAC29AB9C9E008C4947 /* RecipeBoxView.swift */,
				CD03908529B616D6000A7F95 /* RecipeDetailView.swift */,
				CD03908729B628BD000A7F95 /* RecipeIngredientBox.swift */,
				CD03908929B6291F000A7F95 /* RecipeHowBox.swift */,
			);
			path = Recipe;
			sourceTree = "<group>";
		};
		CD03908C29B64F23000A7F95 /* Fridge */ = {
			isa = PBXGroup;
			children = (
				CD54B5BF29A25F1D00D932B0 /* MyFridgeView.swift */,
				CDDA8EE129BFCE6900663A3B /* MyFridgeListView.swift */,
				CDDA8EE329BFD86400663A3B /* addIngredientView.swift */,
			);
			path = Fridge;
			sourceTree = "<group>";
		};
		CD13D87529A63F3300F47795 /* Models */ = {
			isa = PBXGroup;
			children = (
				CD13D87629A63F4000F47795 /* Recipe.swift */,
				CD13D87829A6562600F47795 /* NetworkManager.swift */,
				CD03908D29B6652B000A7F95 /* ingredient.swift */,
			);
			path = Models;
			sourceTree = "<group>";
		};
		CD54B570299F8E6400D932B0 = {
			isa = PBXGroup;
			children = (
				CD54B57B299F8E6400D932B0 /* FoodWise */,
				CD54B58C299F8E6500D932B0 /* FoodWiseTests */,
				CD54B596299F8E6500D932B0 /* FoodWiseUITests */,
				CD54B57A299F8E6400D932B0 /* Products */,
				093EA80135E711CA8513E6AD /* Pods */,
				62163AEDA28460E4F2262217 /* Frameworks */,
			);
			sourceTree = "<group>";
		};
		CD54B57A299F8E6400D932B0 /* Products */ = {
			isa = PBXGroup;
			children = (
				CD54B579299F8E6400D932B0 /* FoodWise.app */,
				CD54B589299F8E6500D932B0 /* FoodWiseTests.xctest */,
				CD54B593299F8E6500D932B0 /* FoodWiseUITests.xctest */,
			);
			name = Products;
			sourceTree = "<group>";
		};
		CD54B57B299F8E6400D932B0 /* FoodWise */ = {
			isa = PBXGroup;
			children = (
				CD54B57C299F8E6400D932B0 /* FoodWiseApp.swift */,
				CD13D87529A63F3300F47795 /* Models */,
				CD54B5C129A2633400D932B0 /* Extensions */,
				CD54B5B629A2444A00D932B0 /* Info.plist */,
				CD54B5B3299F9DF500D932B0 /* Services */,
				CD54B5B1299F9C1900D932B0 /* Views */,
				CD54B5AF299F9C0200D932B0 /* ViewModels */,
				CD54B580299F8E6500D932B0 /* Assets.xcassets */,
				CD54B582299F8E6500D932B0 /* Preview Content */,
			);
			path = FoodWise;
			sourceTree = "<group>";
		};
		CD54B582299F8E6500D932B0 /* Preview Content */ = {
			isa = PBXGroup;
			children = (
				CD54B583299F8E6500D932B0 /* Preview Assets.xcassets */,
			);
			path = "Preview Content";
			sourceTree = "<group>";
		};
		CD54B58C299F8E6500D932B0 /* FoodWiseTests */ = {
			isa = PBXGroup;
			children = (
				CD54B58D299F8E6500D932B0 /* FoodWiseTests.swift */,
			);
			path = FoodWiseTests;
			sourceTree = "<group>";
		};
		CD54B596299F8E6500D932B0 /* FoodWiseUITests */ = {
			isa = PBXGroup;
			children = (
				CD54B597299F8E6500D932B0 /* FoodWiseUITests.swift */,
				CD54B599299F8E6500D932B0 /* FoodWiseUITestsLaunchTests.swift */,
			);
			path = FoodWiseUITests;
			sourceTree = "<group>";
		};
		CD54B5AF299F9C0200D932B0 /* ViewModels */ = {
			isa = PBXGroup;
			children = (
				CD54B5AD299F9BFD00D932B0 /* AuthenticationViewModel.swift */,
			);
			path = ViewModels;
			sourceTree = "<group>";
		};
		CD54B5B1299F9C1900D932B0 /* Views */ = {
			isa = PBXGroup;
			children = (
				CD03908C29B64F23000A7F95 /* Fridge */,
				CD03908B29B64EFE000A7F95 /* Recipe */,
				CD54B57E299F8E6400D932B0 /* ContentView.swift */,
				CD54B5AB299F9A7300D932B0 /* LoginView.swift */,
				CD54B5BD29A25CA500D932B0 /* MainView.swift */,
				CD54B5BB29A25A5900D932B0 /* MyPageView.swift */,
				CD1F26BD29B67260007ABC0C /* CustomTabView.swift */,
				CDDA8EE729C3C08700663A3B /* SearchBar.swift */,
			);
			path = Views;
			sourceTree = "<group>";
		};
		CD54B5B3299F9DF500D932B0 /* Services */ = {
			isa = PBXGroup;
			children = (
				CD54B5B4299F9E0900D932B0 /* GoogleSignInAuthenticator.swift */,
			);
			path = Services;
			sourceTree = "<group>";
		};
		CD54B5C129A2633400D932B0 /* Extensions */ = {
			isa = PBXGroup;
			children = (
				CD13D87A29AA569300F47795 /* extension.swift */,
			);
			path = Extensions;
			sourceTree = "<group>";
		};
/* End PBXGroup section */

/* Begin PBXNativeTarget section */
		CD54B578299F8E6400D932B0 /* FoodWise */ = {
			isa = PBXNativeTarget;
			buildConfigurationList = CD54B59D299F8E6500D932B0 /* Build configuration list for PBXNativeTarget "FoodWise" */;
			buildPhases = (
				42546BEFD289E0BCB9699DB6 /* [CP] Check Pods Manifest.lock */,
				CD54B575299F8E6400D932B0 /* Sources */,
				CD54B576299F8E6400D932B0 /* Frameworks */,
				CD54B577299F8E6400D932B0 /* Resources */,
				E8EE4A902167D30ABE0B38D3 /* [CP] Embed Pods Frameworks */,
			);
			buildRules = (
			);
			dependencies = (
			);
			name = FoodWise;
			packageProductDependencies = (
				CD54B5A7299F97E400D932B0 /* GoogleSignIn */,
				CD54B5A9299F97E400D932B0 /* GoogleSignInSwift */,
			);
			productName = FoodWise;
			productReference = CD54B579299F8E6400D932B0 /* FoodWise.app */;
			productType = "com.apple.product-type.application";
		};
		CD54B588299F8E6500D932B0 /* FoodWiseTests */ = {
			isa = PBXNativeTarget;
			buildConfigurationList = CD54B5A0299F8E6500D932B0 /* Build configuration list for PBXNativeTarget "FoodWiseTests" */;
			buildPhases = (
				05C62371A9495844B8BDFC9A /* [CP] Check Pods Manifest.lock */,
				CD54B585299F8E6500D932B0 /* Sources */,
				CD54B586299F8E6500D932B0 /* Frameworks */,
				CD54B587299F8E6500D932B0 /* Resources */,
			);
			buildRules = (
			);
			dependencies = (
				CD54B58B299F8E6500D932B0 /* PBXTargetDependency */,
			);
			name = FoodWiseTests;
			productName = FoodWiseTests;
			productReference = CD54B589299F8E6500D932B0 /* FoodWiseTests.xctest */;
			productType = "com.apple.product-type.bundle.unit-test";
		};
		CD54B592299F8E6500D932B0 /* FoodWiseUITests */ = {
			isa = PBXNativeTarget;
			buildConfigurationList = CD54B5A3299F8E6500D932B0 /* Build configuration list for PBXNativeTarget "FoodWiseUITests" */;
			buildPhases = (
				6D61B0A03471F6425CE742FD /* [CP] Check Pods Manifest.lock */,
				CD54B58F299F8E6500D932B0 /* Sources */,
				CD54B590299F8E6500D932B0 /* Frameworks */,
				CD54B591299F8E6500D932B0 /* Resources */,
				9A2394CC24991803F85602F6 /* [CP] Embed Pods Frameworks */,
			);
			buildRules = (
			);
			dependencies = (
				CD54B595299F8E6500D932B0 /* PBXTargetDependency */,
			);
			name = FoodWiseUITests;
			productName = FoodWiseUITests;
			productReference = CD54B593299F8E6500D932B0 /* FoodWiseUITests.xctest */;
			productType = "com.apple.product-type.bundle.ui-testing";
		};
/* End PBXNativeTarget section */

/* Begin PBXProject section */
		CD54B571299F8E6400D932B0 /* Project object */ = {
			isa = PBXProject;
			attributes = {
				BuildIndependentTargetsInParallel = 1;
				LastSwiftUpdateCheck = 1400;
				LastUpgradeCheck = 1400;
				TargetAttributes = {
					CD54B578299F8E6400D932B0 = {
						CreatedOnToolsVersion = 14.0.1;
					};
					CD54B588299F8E6500D932B0 = {
						CreatedOnToolsVersion = 14.0.1;
						TestTargetID = CD54B578299F8E6400D932B0;
					};
					CD54B592299F8E6500D932B0 = {
						CreatedOnToolsVersion = 14.0.1;
						TestTargetID = CD54B578299F8E6400D932B0;
					};
				};
			};
			buildConfigurationList = CD54B574299F8E6400D932B0 /* Build configuration list for PBXProject "FoodWise" */;
			compatibilityVersion = "Xcode 14.0";
			developmentRegion = en;
			hasScannedForEncodings = 0;
			knownRegions = (
				en,
				Base,
			);
			mainGroup = CD54B570299F8E6400D932B0;
			packageReferences = (
				CD54B5A6299F97E400D932B0 /* XCRemoteSwiftPackageReference "GoogleSignIn-iOS" */,
			);
			productRefGroup = CD54B57A299F8E6400D932B0 /* Products */;
			projectDirPath = "";
			projectRoot = "";
			targets = (
				CD54B578299F8E6400D932B0 /* FoodWise */,
				CD54B588299F8E6500D932B0 /* FoodWiseTests */,
				CD54B592299F8E6500D932B0 /* FoodWiseUITests */,
			);
		};
/* End PBXProject section */

/* Begin PBXResourcesBuildPhase section */
		CD54B577299F8E6400D932B0 /* Resources */ = {
			isa = PBXResourcesBuildPhase;
			buildActionMask = 2147483647;
			files = (
				CD54B584299F8E6500D932B0 /* Preview Assets.xcassets in Resources */,
				CD54B581299F8E6500D932B0 /* Assets.xcassets in Resources */,
			);
			runOnlyForDeploymentPostprocessing = 0;
		};
		CD54B587299F8E6500D932B0 /* Resources */ = {
			isa = PBXResourcesBuildPhase;
			buildActionMask = 2147483647;
			files = (
			);
			runOnlyForDeploymentPostprocessing = 0;
		};
		CD54B591299F8E6500D932B0 /* Resources */ = {
			isa = PBXResourcesBuildPhase;
			buildActionMask = 2147483647;
			files = (
			);
			runOnlyForDeploymentPostprocessing = 0;
		};
/* End PBXResourcesBuildPhase section */

/* Begin PBXShellScriptBuildPhase section */
		05C62371A9495844B8BDFC9A /* [CP] Check Pods Manifest.lock */ = {
			isa = PBXShellScriptBuildPhase;
			buildActionMask = 2147483647;
			files = (
			);
			inputFileListPaths = (
			);
			inputPaths = (
				"${PODS_PODFILE_DIR_PATH}/Podfile.lock",
				"${PODS_ROOT}/Manifest.lock",
			);
			name = "[CP] Check Pods Manifest.lock";
			outputFileListPaths = (
			);
			outputPaths = (
				"$(DERIVED_FILE_DIR)/Pods-FoodWiseTests-checkManifestLockResult.txt",
			);
			runOnlyForDeploymentPostprocessing = 0;
			shellPath = /bin/sh;
			shellScript = "diff \"${PODS_PODFILE_DIR_PATH}/Podfile.lock\" \"${PODS_ROOT}/Manifest.lock\" > /dev/null\nif [ $? != 0 ] ; then\n    # print error to STDERR\n    echo \"error: The sandbox is not in sync with the Podfile.lock. Run 'pod install' or update your CocoaPods installation.\" >&2\n    exit 1\nfi\n# This output is used by Xcode 'outputs' to avoid re-running this script phase.\necho \"SUCCESS\" > \"${SCRIPT_OUTPUT_FILE_0}\"\n";
			showEnvVarsInLog = 0;
		};
		42546BEFD289E0BCB9699DB6 /* [CP] Check Pods Manifest.lock */ = {
			isa = PBXShellScriptBuildPhase;
			buildActionMask = 2147483647;
			files = (
			);
			inputFileListPaths = (
			);
			inputPaths = (
				"${PODS_PODFILE_DIR_PATH}/Podfile.lock",
				"${PODS_ROOT}/Manifest.lock",
			);
			name = "[CP] Check Pods Manifest.lock";
			outputFileListPaths = (
			);
			outputPaths = (
				"$(DERIVED_FILE_DIR)/Pods-FoodWise-checkManifestLockResult.txt",
			);
			runOnlyForDeploymentPostprocessing = 0;
			shellPath = /bin/sh;
			shellScript = "diff \"${PODS_PODFILE_DIR_PATH}/Podfile.lock\" \"${PODS_ROOT}/Manifest.lock\" > /dev/null\nif [ $? != 0 ] ; then\n    # print error to STDERR\n    echo \"error: The sandbox is not in sync with the Podfile.lock. Run 'pod install' or update your CocoaPods installation.\" >&2\n    exit 1\nfi\n# This output is used by Xcode 'outputs' to avoid re-running this script phase.\necho \"SUCCESS\" > \"${SCRIPT_OUTPUT_FILE_0}\"\n";
			showEnvVarsInLog = 0;
		};
		6D61B0A03471F6425CE742FD /* [CP] Check Pods Manifest.lock */ = {
			isa = PBXShellScriptBuildPhase;
			buildActionMask = 2147483647;
			files = (
			);
			inputFileListPaths = (
			);
			inputPaths = (
				"${PODS_PODFILE_DIR_PATH}/Podfile.lock",
				"${PODS_ROOT}/Manifest.lock",
			);
			name = "[CP] Check Pods Manifest.lock";
			outputFileListPaths = (
			);
			outputPaths = (
				"$(DERIVED_FILE_DIR)/Pods-FoodWise-FoodWiseUITests-checkManifestLockResult.txt",
			);
			runOnlyForDeploymentPostprocessing = 0;
			shellPath = /bin/sh;
			shellScript = "diff \"${PODS_PODFILE_DIR_PATH}/Podfile.lock\" \"${PODS_ROOT}/Manifest.lock\" > /dev/null\nif [ $? != 0 ] ; then\n    # print error to STDERR\n    echo \"error: The sandbox is not in sync with the Podfile.lock. Run 'pod install' or update your CocoaPods installation.\" >&2\n    exit 1\nfi\n# This output is used by Xcode 'outputs' to avoid re-running this script phase.\necho \"SUCCESS\" > \"${SCRIPT_OUTPUT_FILE_0}\"\n";
			showEnvVarsInLog = 0;
		};
		9A2394CC24991803F85602F6 /* [CP] Embed Pods Frameworks */ = {
			isa = PBXShellScriptBuildPhase;
			buildActionMask = 2147483647;
			files = (
			);
			inputFileListPaths = (
				"${PODS_ROOT}/Target Support Files/Pods-FoodWise-FoodWiseUITests/Pods-FoodWise-FoodWiseUITests-frameworks-${CONFIGURATION}-input-files.xcfilelist",
			);
			name = "[CP] Embed Pods Frameworks";
			outputFileListPaths = (
				"${PODS_ROOT}/Target Support Files/Pods-FoodWise-FoodWiseUITests/Pods-FoodWise-FoodWiseUITests-frameworks-${CONFIGURATION}-output-files.xcfilelist",
			);
			runOnlyForDeploymentPostprocessing = 0;
			shellPath = /bin/sh;
			shellScript = "\"${PODS_ROOT}/Target Support Files/Pods-FoodWise-FoodWiseUITests/Pods-FoodWise-FoodWiseUITests-frameworks.sh\"\n";
			showEnvVarsInLog = 0;
		};
		E8EE4A902167D30ABE0B38D3 /* [CP] Embed Pods Frameworks */ = {
			isa = PBXShellScriptBuildPhase;
			buildActionMask = 2147483647;
			files = (
			);
			inputFileListPaths = (
				"${PODS_ROOT}/Target Support Files/Pods-FoodWise/Pods-FoodWise-frameworks-${CONFIGURATION}-input-files.xcfilelist",
			);
			name = "[CP] Embed Pods Frameworks";
			outputFileListPaths = (
				"${PODS_ROOT}/Target Support Files/Pods-FoodWise/Pods-FoodWise-frameworks-${CONFIGURATION}-output-files.xcfilelist",
			);
			runOnlyForDeploymentPostprocessing = 0;
			shellPath = /bin/sh;
			shellScript = "\"${PODS_ROOT}/Target Support Files/Pods-FoodWise/Pods-FoodWise-frameworks.sh\"\n";
			showEnvVarsInLog = 0;
		};
/* End PBXShellScriptBuildPhase section */

/* Begin PBXSourcesBuildPhase section */
		CD54B575299F8E6400D932B0 /* Sources */ = {
			isa = PBXSourcesBuildPhase;
			buildActionMask = 2147483647;
			files = (
				CD13D87929A6562600F47795 /* NetworkManager.swift in Sources */,
				CD54B5BC29A25A5900D932B0 /* MyPageView.swift in Sources */,
				CD54B5BE29A25CA500D932B0 /* MainView.swift in Sources */,
				CD54B5AE299F9BFD00D932B0 /* AuthenticationViewModel.swift in Sources */,
				CDDA8EE429BFD86400663A3B /* addIngredientView.swift in Sources */,
				CD03908829B628BD000A7F95 /* RecipeIngredientBox.swift in Sources */,
				CD54B5C029A25F1D00D932B0 /* MyFridgeView.swift in Sources */,
				CD1F26BE29B67260007ABC0C /* CustomTabView.swift in Sources */,
				CD58AFAF29AB9CF0008C4947 /* HotRecipeView.swift in Sources */,
				CD03908E29B6652B000A7F95 /* ingredient.swift in Sources */,
				CD03908A29B6291F000A7F95 /* RecipeHowBox.swift in Sources */,
				CD03908629B616D6000A7F95 /* RecipeDetailView.swift in Sources */,
				CD54B5AC299F9A7300D932B0 /* LoginView.swift in Sources */,
				CDDA8EE229BFCE6900663A3B /* MyFridgeListView.swift in Sources */,
				CD54B57F299F8E6400D932B0 /* ContentView.swift in Sources */,
				CDDA8EE829C3C08700663A3B /* SearchBar.swift in Sources */,
				CD13D87B29AA569300F47795 /* extension.swift in Sources */,
				CD54B5BA29A2592700D932B0 /* MainRecipeView.swift in Sources */,
				CD58AFAD29AB9C9E008C4947 /* RecipeBoxView.swift in Sources */,
				CD54B5B5299F9E0900D932B0 /* GoogleSignInAuthenticator.swift in Sources */,
				CD54B57D299F8E6400D932B0 /* FoodWiseApp.swift in Sources */,
				CD13D87729A63F4000F47795 /* Recipe.swift in Sources */,
			);
			runOnlyForDeploymentPostprocessing = 0;
		};
		CD54B585299F8E6500D932B0 /* Sources */ = {
			isa = PBXSourcesBuildPhase;
			buildActionMask = 2147483647;
			files = (
				CD54B58E299F8E6500D932B0 /* FoodWiseTests.swift in Sources */,
			);
			runOnlyForDeploymentPostprocessing = 0;
		};
		CD54B58F299F8E6500D932B0 /* Sources */ = {
			isa = PBXSourcesBuildPhase;
			buildActionMask = 2147483647;
			files = (
				CD54B59A299F8E6500D932B0 /* FoodWiseUITestsLaunchTests.swift in Sources */,
				CD54B598299F8E6500D932B0 /* FoodWiseUITests.swift in Sources */,
			);
			runOnlyForDeploymentPostprocessing = 0;
		};
/* End PBXSourcesBuildPhase section */

/* Begin PBXTargetDependency section */
		CD54B58B299F8E6500D932B0 /* PBXTargetDependency */ = {
			isa = PBXTargetDependency;
			target = CD54B578299F8E6400D932B0 /* FoodWise */;
			targetProxy = CD54B58A299F8E6500D932B0 /* PBXContainerItemProxy */;
		};
		CD54B595299F8E6500D932B0 /* PBXTargetDependency */ = {
			isa = PBXTargetDependency;
			target = CD54B578299F8E6400D932B0 /* FoodWise */;
			targetProxy = CD54B594299F8E6500D932B0 /* PBXContainerItemProxy */;
		};
/* End PBXTargetDependency section */

/* Begin XCBuildConfiguration section */
		CD54B59B299F8E6500D932B0 /* Debug */ = {
			isa = XCBuildConfiguration;
			buildSettings = {
				ALWAYS_SEARCH_USER_PATHS = NO;
				CLANG_ANALYZER_NONNULL = YES;
				CLANG_ANALYZER_NUMBER_OBJECT_CONVERSION = YES_AGGRESSIVE;
				CLANG_CXX_LANGUAGE_STANDARD = "gnu++20";
				CLANG_ENABLE_MODULES = YES;
				CLANG_ENABLE_OBJC_ARC = YES;
				CLANG_ENABLE_OBJC_WEAK = YES;
				CLANG_WARN_BLOCK_CAPTURE_AUTORELEASING = YES;
				CLANG_WARN_BOOL_CONVERSION = YES;
				CLANG_WARN_COMMA = YES;
				CLANG_WARN_CONSTANT_CONVERSION = YES;
				CLANG_WARN_DEPRECATED_OBJC_IMPLEMENTATIONS = YES;
				CLANG_WARN_DIRECT_OBJC_ISA_USAGE = YES_ERROR;
				CLANG_WARN_DOCUMENTATION_COMMENTS = YES;
				CLANG_WARN_EMPTY_BODY = YES;
				CLANG_WARN_ENUM_CONVERSION = YES;
				CLANG_WARN_INFINITE_RECURSION = YES;
				CLANG_WARN_INT_CONVERSION = YES;
				CLANG_WARN_NON_LITERAL_NULL_CONVERSION = YES;
				CLANG_WARN_OBJC_IMPLICIT_RETAIN_SELF = YES;
				CLANG_WARN_OBJC_LITERAL_CONVERSION = YES;
				CLANG_WARN_OBJC_ROOT_CLASS = YES_ERROR;
				CLANG_WARN_QUOTED_INCLUDE_IN_FRAMEWORK_HEADER = YES;
				CLANG_WARN_RANGE_LOOP_ANALYSIS = YES;
				CLANG_WARN_STRICT_PROTOTYPES = YES;
				CLANG_WARN_SUSPICIOUS_MOVE = YES;
				CLANG_WARN_UNGUARDED_AVAILABILITY = YES_AGGRESSIVE;
				CLANG_WARN_UNREACHABLE_CODE = YES;
				CLANG_WARN__DUPLICATE_METHOD_MATCH = YES;
				COPY_PHASE_STRIP = NO;
				DEBUG_INFORMATION_FORMAT = dwarf;
				ENABLE_STRICT_OBJC_MSGSEND = YES;
				ENABLE_TESTABILITY = YES;
				GCC_C_LANGUAGE_STANDARD = gnu11;
				GCC_DYNAMIC_NO_PIC = NO;
				GCC_NO_COMMON_BLOCKS = YES;
				GCC_OPTIMIZATION_LEVEL = 0;
				GCC_PREPROCESSOR_DEFINITIONS = (
					"DEBUG=1",
					"$(inherited)",
				);
				GCC_WARN_64_TO_32_BIT_CONVERSION = YES;
				GCC_WARN_ABOUT_RETURN_TYPE = YES_ERROR;
				GCC_WARN_UNDECLARED_SELECTOR = YES;
				GCC_WARN_UNINITIALIZED_AUTOS = YES_AGGRESSIVE;
				GCC_WARN_UNUSED_FUNCTION = YES;
				GCC_WARN_UNUSED_VARIABLE = YES;
				IPHONEOS_DEPLOYMENT_TARGET = 16.0;
				MTL_ENABLE_DEBUG_INFO = INCLUDE_SOURCE;
				MTL_FAST_MATH = YES;
				ONLY_ACTIVE_ARCH = YES;
				SDKROOT = iphoneos;
				SWIFT_ACTIVE_COMPILATION_CONDITIONS = DEBUG;
				SWIFT_OPTIMIZATION_LEVEL = "-Onone";
			};
			name = Debug;
		};
		CD54B59C299F8E6500D932B0 /* Release */ = {
			isa = XCBuildConfiguration;
			buildSettings = {
				ALWAYS_SEARCH_USER_PATHS = NO;
				CLANG_ANALYZER_NONNULL = YES;
				CLANG_ANALYZER_NUMBER_OBJECT_CONVERSION = YES_AGGRESSIVE;
				CLANG_CXX_LANGUAGE_STANDARD = "gnu++20";
				CLANG_ENABLE_MODULES = YES;
				CLANG_ENABLE_OBJC_ARC = YES;
				CLANG_ENABLE_OBJC_WEAK = YES;
				CLANG_WARN_BLOCK_CAPTURE_AUTORELEASING = YES;
				CLANG_WARN_BOOL_CONVERSION = YES;
				CLANG_WARN_COMMA = YES;
				CLANG_WARN_CONSTANT_CONVERSION = YES;
				CLANG_WARN_DEPRECATED_OBJC_IMPLEMENTATIONS = YES;
				CLANG_WARN_DIRECT_OBJC_ISA_USAGE = YES_ERROR;
				CLANG_WARN_DOCUMENTATION_COMMENTS = YES;
				CLANG_WARN_EMPTY_BODY = YES;
				CLANG_WARN_ENUM_CONVERSION = YES;
				CLANG_WARN_INFINITE_RECURSION = YES;
				CLANG_WARN_INT_CONVERSION = YES;
				CLANG_WARN_NON_LITERAL_NULL_CONVERSION = YES;
				CLANG_WARN_OBJC_IMPLICIT_RETAIN_SELF = YES;
				CLANG_WARN_OBJC_LITERAL_CONVERSION = YES;
				CLANG_WARN_OBJC_ROOT_CLASS = YES_ERROR;
				CLANG_WARN_QUOTED_INCLUDE_IN_FRAMEWORK_HEADER = YES;
				CLANG_WARN_RANGE_LOOP_ANALYSIS = YES;
				CLANG_WARN_STRICT_PROTOTYPES = YES;
				CLANG_WARN_SUSPICIOUS_MOVE = YES;
				CLANG_WARN_UNGUARDED_AVAILABILITY = YES_AGGRESSIVE;
				CLANG_WARN_UNREACHABLE_CODE = YES;
				CLANG_WARN__DUPLICATE_METHOD_MATCH = YES;
				COPY_PHASE_STRIP = NO;
				DEBUG_INFORMATION_FORMAT = "dwarf-with-dsym";
				ENABLE_NS_ASSERTIONS = NO;
				ENABLE_STRICT_OBJC_MSGSEND = YES;
				GCC_C_LANGUAGE_STANDARD = gnu11;
				GCC_NO_COMMON_BLOCKS = YES;
				GCC_WARN_64_TO_32_BIT_CONVERSION = YES;
				GCC_WARN_ABOUT_RETURN_TYPE = YES_ERROR;
				GCC_WARN_UNDECLARED_SELECTOR = YES;
				GCC_WARN_UNINITIALIZED_AUTOS = YES_AGGRESSIVE;
				GCC_WARN_UNUSED_FUNCTION = YES;
				GCC_WARN_UNUSED_VARIABLE = YES;
				IPHONEOS_DEPLOYMENT_TARGET = 16.0;
				MTL_ENABLE_DEBUG_INFO = NO;
				MTL_FAST_MATH = YES;
				SDKROOT = iphoneos;
				SWIFT_COMPILATION_MODE = wholemodule;
				SWIFT_OPTIMIZATION_LEVEL = "-O";
				VALIDATE_PRODUCT = YES;
			};
			name = Release;
		};
		CD54B59E299F8E6500D932B0 /* Debug */ = {
			isa = XCBuildConfiguration;
			baseConfigurationReference = 8A7A3AFD247704BE9D5B34B0 /* Pods-FoodWise.debug.xcconfig */;
			buildSettings = {
				ASSETCATALOG_COMPILER_APPICON_NAME = AppIcon;
				ASSETCATALOG_COMPILER_GLOBAL_ACCENT_COLOR_NAME = AccentColor;
				CODE_SIGN_STYLE = Automatic;
				CURRENT_PROJECT_VERSION = 1;
				DEVELOPMENT_ASSET_PATHS = "\"FoodWise/Preview Content\"";
				ENABLE_PREVIEWS = YES;
				GENERATE_INFOPLIST_FILE = YES;
				INFOPLIST_FILE = FoodWise/Info.plist;
				INFOPLIST_KEY_UIApplicationSceneManifest_Generation = YES;
				INFOPLIST_KEY_UIApplicationSupportsIndirectInputEvents = YES;
				INFOPLIST_KEY_UILaunchScreen_Generation = YES;
				INFOPLIST_KEY_UISupportedInterfaceOrientations_iPad = "UIInterfaceOrientationPortrait UIInterfaceOrientationPortraitUpsideDown UIInterfaceOrientationLandscapeLeft UIInterfaceOrientationLandscapeRight";
				INFOPLIST_KEY_UISupportedInterfaceOrientations_iPhone = "UIInterfaceOrientationPortrait UIInterfaceOrientationLandscapeLeft UIInterfaceOrientationLandscapeRight";
				LD_RUNPATH_SEARCH_PATHS = (
					"$(inherited)",
					"@executable_path/Frameworks",
				);
				MARKETING_VERSION = 1.0;
				PRODUCT_BUNDLE_IDENTIFIER = daso.FoodWise;
				PRODUCT_NAME = "$(TARGET_NAME)";
				SWIFT_EMIT_LOC_STRINGS = YES;
				SWIFT_VERSION = 5.0;
				TARGETED_DEVICE_FAMILY = "1,2";
			};
			name = Debug;
		};
		CD54B59F299F8E6500D932B0 /* Release */ = {
			isa = XCBuildConfiguration;
			baseConfigurationReference = 77F88DE2864B7C6C5D9C62D8 /* Pods-FoodWise.release.xcconfig */;
			buildSettings = {
				ASSETCATALOG_COMPILER_APPICON_NAME = AppIcon;
				ASSETCATALOG_COMPILER_GLOBAL_ACCENT_COLOR_NAME = AccentColor;
				CODE_SIGN_STYLE = Automatic;
				CURRENT_PROJECT_VERSION = 1;
				DEVELOPMENT_ASSET_PATHS = "\"FoodWise/Preview Content\"";
				ENABLE_PREVIEWS = YES;
				GENERATE_INFOPLIST_FILE = YES;
				INFOPLIST_FILE = FoodWise/Info.plist;
				INFOPLIST_KEY_UIApplicationSceneManifest_Generation = YES;
				INFOPLIST_KEY_UIApplicationSupportsIndirectInputEvents = YES;
				INFOPLIST_KEY_UILaunchScreen_Generation = YES;
				INFOPLIST_KEY_UISupportedInterfaceOrientations_iPad = "UIInterfaceOrientationPortrait UIInterfaceOrientationPortraitUpsideDown UIInterfaceOrientationLandscapeLeft UIInterfaceOrientationLandscapeRight";
				INFOPLIST_KEY_UISupportedInterfaceOrientations_iPhone = "UIInterfaceOrientationPortrait UIInterfaceOrientationLandscapeLeft UIInterfaceOrientationLandscapeRight";
				LD_RUNPATH_SEARCH_PATHS = (
					"$(inherited)",
					"@executable_path/Frameworks",
				);
				MARKETING_VERSION = 1.0;
				PRODUCT_BUNDLE_IDENTIFIER = daso.FoodWise;
				PRODUCT_NAME = "$(TARGET_NAME)";
				SWIFT_EMIT_LOC_STRINGS = YES;
				SWIFT_VERSION = 5.0;
				TARGETED_DEVICE_FAMILY = "1,2";
			};
			name = Release;
		};
		CD54B5A1299F8E6500D932B0 /* Debug */ = {
			isa = XCBuildConfiguration;
			baseConfigurationReference = 496596E8C28B224C740B5FF9 /* Pods-FoodWiseTests.debug.xcconfig */;
			buildSettings = {
				ALWAYS_EMBED_SWIFT_STANDARD_LIBRARIES = YES;
				BUNDLE_LOADER = "$(TEST_HOST)";
				CODE_SIGN_STYLE = Automatic;
				CURRENT_PROJECT_VERSION = 1;
				GENERATE_INFOPLIST_FILE = YES;
				IPHONEOS_DEPLOYMENT_TARGET = 16.0;
				MARKETING_VERSION = 1.0;
				PRODUCT_BUNDLE_IDENTIFIER = daso.FoodWiseTests;
				PRODUCT_NAME = "$(TARGET_NAME)";
				SWIFT_EMIT_LOC_STRINGS = NO;
				SWIFT_VERSION = 5.0;
				TARGETED_DEVICE_FAMILY = "1,2";
				TEST_HOST = "$(BUILT_PRODUCTS_DIR)/FoodWise.app/$(BUNDLE_EXECUTABLE_FOLDER_PATH)/FoodWise";
			};
			name = Debug;
		};
		CD54B5A2299F8E6500D932B0 /* Release */ = {
			isa = XCBuildConfiguration;
			baseConfigurationReference = 146D16B4B37FA2BE8DC0A2D4 /* Pods-FoodWiseTests.release.xcconfig */;
			buildSettings = {
				ALWAYS_EMBED_SWIFT_STANDARD_LIBRARIES = YES;
				BUNDLE_LOADER = "$(TEST_HOST)";
				CODE_SIGN_STYLE = Automatic;
				CURRENT_PROJECT_VERSION = 1;
				GENERATE_INFOPLIST_FILE = YES;
				IPHONEOS_DEPLOYMENT_TARGET = 16.0;
				MARKETING_VERSION = 1.0;
				PRODUCT_BUNDLE_IDENTIFIER = daso.FoodWiseTests;
				PRODUCT_NAME = "$(TARGET_NAME)";
				SWIFT_EMIT_LOC_STRINGS = NO;
				SWIFT_VERSION = 5.0;
				TARGETED_DEVICE_FAMILY = "1,2";
				TEST_HOST = "$(BUILT_PRODUCTS_DIR)/FoodWise.app/$(BUNDLE_EXECUTABLE_FOLDER_PATH)/FoodWise";
			};
			name = Release;
		};
		CD54B5A4299F8E6500D932B0 /* Debug */ = {
			isa = XCBuildConfiguration;
			baseConfigurationReference = BCD8AF394962AE1DF9272514 /* Pods-FoodWise-FoodWiseUITests.debug.xcconfig */;
			buildSettings = {
				ALWAYS_EMBED_SWIFT_STANDARD_LIBRARIES = YES;
				CODE_SIGN_STYLE = Automatic;
				CURRENT_PROJECT_VERSION = 1;
				GENERATE_INFOPLIST_FILE = YES;
				MARKETING_VERSION = 1.0;
				PRODUCT_BUNDLE_IDENTIFIER = daso.FoodWiseUITests;
				PRODUCT_NAME = "$(TARGET_NAME)";
				SWIFT_EMIT_LOC_STRINGS = NO;
				SWIFT_VERSION = 5.0;
				TARGETED_DEVICE_FAMILY = "1,2";
				TEST_TARGET_NAME = FoodWise;
			};
			name = Debug;
		};
		CD54B5A5299F8E6500D932B0 /* Release */ = {
			isa = XCBuildConfiguration;
			baseConfigurationReference = 0D4416167BC7F738F2B6329D /* Pods-FoodWise-FoodWiseUITests.release.xcconfig */;
			buildSettings = {
				ALWAYS_EMBED_SWIFT_STANDARD_LIBRARIES = YES;
				CODE_SIGN_STYLE = Automatic;
				CURRENT_PROJECT_VERSION = 1;
				GENERATE_INFOPLIST_FILE = YES;
				MARKETING_VERSION = 1.0;
				PRODUCT_BUNDLE_IDENTIFIER = daso.FoodWiseUITests;
				PRODUCT_NAME = "$(TARGET_NAME)";
				SWIFT_EMIT_LOC_STRINGS = NO;
				SWIFT_VERSION = 5.0;
				TARGETED_DEVICE_FAMILY = "1,2";
				TEST_TARGET_NAME = FoodWise;
			};
			name = Release;
		};
/* End XCBuildConfiguration section */

/* Begin XCConfigurationList section */
		CD54B574299F8E6400D932B0 /* Build configuration list for PBXProject "FoodWise" */ = {
			isa = XCConfigurationList;
			buildConfigurations = (
				CD54B59B299F8E6500D932B0 /* Debug */,
				CD54B59C299F8E6500D932B0 /* Release */,
			);
			defaultConfigurationIsVisible = 0;
			defaultConfigurationName = Release;
		};
		CD54B59D299F8E6500D932B0 /* Build configuration list for PBXNativeTarget "FoodWise" */ = {
			isa = XCConfigurationList;
			buildConfigurations = (
				CD54B59E299F8E6500D932B0 /* Debug */,
				CD54B59F299F8E6500D932B0 /* Release */,
			);
			defaultConfigurationIsVisible = 0;
			defaultConfigurationName = Release;
		};
		CD54B5A0299F8E6500D932B0 /* Build configuration list for PBXNativeTarget "FoodWiseTests" */ = {
			isa = XCConfigurationList;
			buildConfigurations = (
				CD54B5A1299F8E6500D932B0 /* Debug */,
				CD54B5A2299F8E6500D932B0 /* Release */,
			);
			defaultConfigurationIsVisible = 0;
			defaultConfigurationName = Release;
		};
		CD54B5A3299F8E6500D932B0 /* Build configuration list for PBXNativeTarget "FoodWiseUITests" */ = {
			isa = XCConfigurationList;
			buildConfigurations = (
				CD54B5A4299F8E6500D932B0 /* Debug */,
				CD54B5A5299F8E6500D932B0 /* Release */,
			);
			defaultConfigurationIsVisible = 0;
			defaultConfigurationName = Release;
		};
/* End XCConfigurationList section */

/* Begin XCRemoteSwiftPackageReference section */
		CD54B5A6299F97E400D932B0 /* XCRemoteSwiftPackageReference "GoogleSignIn-iOS" */ = {
			isa = XCRemoteSwiftPackageReference;
			repositoryURL = "https://github.com/google/GoogleSignIn-iOS";
			requirement = {
				kind = upToNextMajorVersion;
				minimumVersion = 7.0.0;
			};
		};
/* End XCRemoteSwiftPackageReference section */

/* Begin XCSwiftPackageProductDependency section */
		CD54B5A7299F97E400D932B0 /* GoogleSignIn */ = {
			isa = XCSwiftPackageProductDependency;
			package = CD54B5A6299F97E400D932B0 /* XCRemoteSwiftPackageReference "GoogleSignIn-iOS" */;
			productName = GoogleSignIn;
		};
		CD54B5A9299F97E400D932B0 /* GoogleSignInSwift */ = {
			isa = XCSwiftPackageProductDependency;
			package = CD54B5A6299F97E400D932B0 /* XCRemoteSwiftPackageReference "GoogleSignIn-iOS" */;
			productName = GoogleSignInSwift;
		};
/* End XCSwiftPackageProductDependency section */
	};
	rootObject = CD54B571299F8E6400D932B0 /* Project object */;
}
